
Microsoft Visual Studio Solution File, Format Version 12.00
# Visual Studio Version 16
VisualStudioVersion = 16.0.32802.440
MinimumVisualStudioVersion = 10.0.40219.1
Project("{FAE04EC0-301F-11D3-BF4B-00C04F79EFBC}") = "20220907_ROBERT_AGUILAR", "20220907_ROBERT_AGUILAR\20220907_ROBERT_AGUILAR.csproj", "{260317BB-7052-49CD-B083-136AB9025935}"
EndProject
Global
	GlobalSection(SolutionConfigurationPlatforms) = preSolution
		Debug|Any CPU = Debug|Any CPU
		Release|Any CPU = Release|Any CPU
	EndGlobalSection
	GlobalSection(ProjectConfigurationPlatforms) = postSolution
		{260317BB-7052-49CD-B083-136AB9025935}.Debug|Any CPU.ActiveCfg = Debug|Any CPU
		{260317BB-7052-49CD-B083-136AB9025935}.Debug|Any CPU.Build.0 = Debug|Any CPU
		{260317BB-7052-49CD-B083-136AB9025935}.Release|Any CPU.ActiveCfg = Release|Any CPU
		{260317BB-7052-49CD-B083-136AB9025935}.Release|Any CPU.Build.0 = Release|Any CPU
	EndGlobalSection
	GlobalSection(SolutionProperties) = preSolution
		HideSolutionNode = FALSE
	EndGlobalSection
	GlobalSection(ExtensibilityGlobals) = postSolution
		SolutionGuid = {746B7865-9185-4678-BF64-510D988E929D}
	EndGlobalSection
EndGlobal
